
Microsoft Visual Studio Solution File, Format Version 12.00
# Visual Studio Version 17
VisualStudioVersion = 17.11.35303.130
MinimumVisualStudioVersion = 10.0.40219.1
Project("{2150E333-8FDC-42A3-9474-1A3956D46DE8}") = "Task0", "Task0", "{99B01A1A-7F2E-4B5E-B14C-46AC7676410A}"
EndProject
Project("{9A19103F-16F7-4668-BE54-9A1E7A4F7556}") = "Tyuiu.AidemirAF.Sprint3.Task0.V13", "Tyuiu.AidemirAF.Sprint3.Task0.V13\Tyuiu.AidemirAF.Sprint3.Task0.V13.csproj", "{AF21763D-E881-4570-8815-A30FA81D1527}"
EndProject
Project("{9A19103F-16F7-4668-BE54-9A1E7A4F7556}") = "Tyuiu.AidemirAF.Sprint3.Task0.V13.Lib", "Tyuiu.AidemirAF.Sprint3.Task0.V13.Lib\Tyuiu.AidemirAF.Sprint3.Task0.V13.Lib.csproj", "{3E1630E6-49B0-4DF8-91E8-EA643A863C0C}"
EndProject
Project("{9A19103F-16F7-4668-BE54-9A1E7A4F7556}") = "Tyuiu.AidemirAF.Sprint3.Task0.V13.Test", "Tyuiu.AidemirAF.Sprint3.Task0.V13.Test\Tyuiu.AidemirAF.Sprint3.Task0.V13.Test.csproj", "{A194721B-6499-4B2E-B170-F1251D740905}"
EndProject
Project("{2150E333-8FDC-42A3-9474-1A3956D46DE8}") = "Task1", "Task1", "{626E96F8-4107-44DD-8F71-0CE1AA9750C3}"
EndProject
Project("{9A19103F-16F7-4668-BE54-9A1E7A4F7556}") = "Tyuiu.AidemirAF.Sprint3.Task1.V16", "Tyuiu.AidemirAF.Sprint3.Task1.V16\Tyuiu.AidemirAF.Sprint3.Task1.V16.csproj", "{034C2EE6-45C9-4C04-848E-D17BB701DB29}"
EndProject
Project("{9A19103F-16F7-4668-BE54-9A1E7A4F7556}") = "Tyuiu.AidemirAF.Sprint3.Task1.V16.Lib", "Tyuiu.AidemirAF.Sprint3.Task1.V16.Lib\Tyuiu.AidemirAF.Sprint3.Task1.V16.Lib.csproj", "{4A1EEBD2-CE47-42F0-B2F3-82FB398074B0}"
EndProject
Project("{9A19103F-16F7-4668-BE54-9A1E7A4F7556}") = "Tyuiu.AidemirAF.Sprint3.Task1.V16.Test", "Tyuiu.AidemirAF.Sprint3.Task1.V16.Test\Tyuiu.AidemirAF.Sprint3.Task1.V16.Test.csproj", "{0E101544-151D-4DBE-AF23-95B973570C89}"
EndProject
Project("{2150E333-8FDC-42A3-9474-1A3956D46DE8}") = "Task2", "Task2", "{66D72B84-2652-4276-BEEB-C48AE8BD38B6}"
EndProject
Project("{9A19103F-16F7-4668-BE54-9A1E7A4F7556}") = "Tyuiu.AidemirAF.Sprint3.Task2.V20", "Tyuiu.AidemirAF.Sprint3.Task2.V20\Tyuiu.AidemirAF.Sprint3.Task2.V20.csproj", "{F78BAA1D-CDEE-46D1-940E-D3479A92CBEF}"
EndProject
Project("{9A19103F-16F7-4668-BE54-9A1E7A4F7556}") = "Tyuiu.AidemirAF.Sprint3.Task2.V20.Lib", "Tyuiu.AidemirAF.Sprint3.Task2.V20.Lib\Tyuiu.AidemirAF.Sprint3.Task2.V20.Lib.csproj", "{54D056F4-02EF-4EE8-9279-0F4590E79CA9}"
EndProject
Project("{9A19103F-16F7-4668-BE54-9A1E7A4F7556}") = "Tyuiu.AidemirAF.Sprint3.Task2.V20.Test", "Tyuiu.AidemirAF.Sprint3.Task2.V20.Test\Tyuiu.AidemirAF.Sprint3.Task2.V20.Test.csproj", "{A1008AB0-D4EE-4D5E-AF0B-A410FDF166A3}"
EndProject
Project("{2150E333-8FDC-42A3-9474-1A3956D46DE8}") = "Task3", "Task3", "{37EDB0D4-8112-4571-9D6A-6B08DD13053F}"
EndProject
Project("{9A19103F-16F7-4668-BE54-9A1E7A4F7556}") = "Tyuiu.AidemirAF.Sprint3.Task3.V22", "Tyuiu.AidemirAF.Sprint3.Task3.V22\Tyuiu.AidemirAF.Sprint3.Task3.V22.csproj", "{B0F8153E-378F-47B4-9E8B-6C83FA1ED041}"
EndProject
Project("{9A19103F-16F7-4668-BE54-9A1E7A4F7556}") = "Tyuiu.AidemirAF.Sprint3.Task3.V22.Lib", "Tyuiu.AidemirAF.Sprint3.Task3.V22.Lib\Tyuiu.AidemirAF.Sprint3.Task3.V22.Lib.csproj", "{680DAD9E-3ECC-46E4-97E0-5D4509B85AD7}"
EndProject
Project("{9A19103F-16F7-4668-BE54-9A1E7A4F7556}") = "Tyuiu.AidemirAF.Sprint3.Task3.V22.Test", "Tyuiu.AidemirAF.Sprint3.Task3.V22.Test\Tyuiu.AidemirAF.Sprint3.Task3.V22.Test.csproj", "{DBA4585C-C1F9-43DC-AE7E-DC8B36AD3AF2}"
EndProject
Project("{2150E333-8FDC-42A3-9474-1A3956D46DE8}") = "Task4", "Task4", "{B0663D6A-1711-4BE4-BCE3-09B95BF05409}"
EndProject
Project("{FAE04EC0-301F-11D3-BF4B-00C04F79EFBC}") = "Tyuiu.AidemirAF.Sprint3.Task4.V21", "Tyuiu.AidemirAF.Sprint3.Task4.V21\Tyuiu.AidemirAF.Sprint3.Task4.V21.csproj", "{68B3EAB7-479A-4DBC-BFBF-57E336264EAE}"
EndProject
Project("{FAE04EC0-301F-11D3-BF4B-00C04F79EFBC}") = "Tyuiu.AidemirAF.Sprint3.Task4.V21.Lib", "Tyuiu.AidemirAF.Sprint3.Task4.V21.Lib\Tyuiu.AidemirAF.Sprint3.Task4.V21.Lib.csproj", "{2C91E4F5-8957-4D4E-B3F2-AB58A002DA02}"
EndProject
Project("{FAE04EC0-301F-11D3-BF4B-00C04F79EFBC}") = "Tyuiu.AidemirAF.Sprint3.Task4.V21.Test", "Tyuiu.AidemirAF.Sprint3.Task4.V21.Test\Tyuiu.AidemirAF.Sprint3.Task4.V21.Test.csproj", "{C5B593F1-AD63-4EE7-9BC4-969B2620E7EB}"
EndProject
Project("{2150E333-8FDC-42A3-9474-1A3956D46DE8}") = "Task5", "Task5", "{11725935-99E5-4EFB-8241-D6B6E8585C15}"
EndProject
Project("{FAE04EC0-301F-11D3-BF4B-00C04F79EFBC}") = "Tyuiu.AidemirAF.Sprint3.Task5.V30", "Tyuiu.AidemirAF.Sprint3.Task5.V30\Tyuiu.AidemirAF.Sprint3.Task5.V30.csproj", "{F6E355E9-E18D-4E45-97D6-60D49AF3BC4C}"
EndProject
Project("{FAE04EC0-301F-11D3-BF4B-00C04F79EFBC}") = "Tyuiu.AidemirAF.Sprint3.Task5.V30.Lib", "Tyuiu.AidemirAF.Sprint3.Task5.V30.Lib\Tyuiu.AidemirAF.Sprint3.Task5.V30.Lib.csproj", "{4C2AD9B5-DE99-4DA2-A2A3-D52154850E49}"
EndProject
Project("{FAE04EC0-301F-11D3-BF4B-00C04F79EFBC}") = "Tyuiu.AidemirAF.Sprint3.Task5.V30.Test", "Tyuiu.AidemirAF.Sprint3.Task5.V30.Test\Tyuiu.AidemirAF.Sprint3.Task5.V30.Test.csproj", "{03D60BA7-2483-4538-87FD-266F7997E00E}"
EndProject
Global
	GlobalSection(SolutionConfigurationPlatforms) = preSolution
		Debug|Any CPU = Debug|Any CPU
		Release|Any CPU = Release|Any CPU
	EndGlobalSection
	GlobalSection(ProjectConfigurationPlatforms) = postSolution
		{AF21763D-E881-4570-8815-A30FA81D1527}.Debug|Any CPU.ActiveCfg = Debug|Any CPU
		{AF21763D-E881-4570-8815-A30FA81D1527}.Debug|Any CPU.Build.0 = Debug|Any CPU
		{AF21763D-E881-4570-8815-A30FA81D1527}.Release|Any CPU.ActiveCfg = Release|Any CPU
		{AF21763D-E881-4570-8815-A30FA81D1527}.Release|Any CPU.Build.0 = Release|Any CPU
		{3E1630E6-49B0-4DF8-91E8-EA643A863C0C}.Debug|Any CPU.ActiveCfg = Debug|Any CPU
		{3E1630E6-49B0-4DF8-91E8-EA643A863C0C}.Debug|Any CPU.Build.0 = Debug|Any CPU
		{3E1630E6-49B0-4DF8-91E8-EA643A863C0C}.Release|Any CPU.ActiveCfg = Release|Any CPU
		{3E1630E6-49B0-4DF8-91E8-EA643A863C0C}.Release|Any CPU.Build.0 = Release|Any CPU
		{A194721B-6499-4B2E-B170-F1251D740905}.Debug|Any CPU.ActiveCfg = Debug|Any CPU
		{A194721B-6499-4B2E-B170-F1251D740905}.Debug|Any CPU.Build.0 = Debug|Any CPU
		{A194721B-6499-4B2E-B170-F1251D740905}.Release|Any CPU.ActiveCfg = Release|Any CPU
		{A194721B-6499-4B2E-B170-F1251D740905}.Release|Any CPU.Build.0 = Release|Any CPU
		{034C2EE6-45C9-4C04-848E-D17BB701DB29}.Debug|Any CPU.ActiveCfg = Debug|Any CPU
		{034C2EE6-45C9-4C04-848E-D17BB701DB29}.Debug|Any CPU.Build.0 = Debug|Any CPU
		{034C2EE6-45C9-4C04-848E-D17BB701DB29}.Release|Any CPU.ActiveCfg = Release|Any CPU
		{034C2EE6-45C9-4C04-848E-D17BB701DB29}.Release|Any CPU.Build.0 = Release|Any CPU
		{4A1EEBD2-CE47-42F0-B2F3-82FB398074B0}.Debug|Any CPU.ActiveCfg = Debug|Any CPU
		{4A1EEBD2-CE47-42F0-B2F3-82FB398074B0}.Debug|Any CPU.Build.0 = Debug|Any CPU
		{4A1EEBD2-CE47-42F0-B2F3-82FB398074B0}.Release|Any CPU.ActiveCfg = Release|Any CPU
		{4A1EEBD2-CE47-42F0-B2F3-82FB398074B0}.Release|Any CPU.Build.0 = Release|Any CPU
		{0E101544-151D-4DBE-AF23-95B973570C89}.Debug|Any CPU.ActiveCfg = Debug|Any CPU
		{0E101544-151D-4DBE-AF23-95B973570C89}.Debug|Any CPU.Build.0 = Debug|Any CPU
		{0E101544-151D-4DBE-AF23-95B973570C89}.Release|Any CPU.ActiveCfg = Release|Any CPU
		{0E101544-151D-4DBE-AF23-95B973570C89}.Release|Any CPU.Build.0 = Release|Any CPU
		{F78BAA1D-CDEE-46D1-940E-D3479A92CBEF}.Debug|Any CPU.ActiveCfg = Debug|Any CPU
		{F78BAA1D-CDEE-46D1-940E-D3479A92CBEF}.Debug|Any CPU.Build.0 = Debug|Any CPU
		{F78BAA1D-CDEE-46D1-940E-D3479A92CBEF}.Release|Any CPU.ActiveCfg = Release|Any CPU
		{F78BAA1D-CDEE-46D1-940E-D3479A92CBEF}.Release|Any CPU.Build.0 = Release|Any CPU
		{54D056F4-02EF-4EE8-9279-0F4590E79CA9}.Debug|Any CPU.ActiveCfg = Debug|Any CPU
		{54D056F4-02EF-4EE8-9279-0F4590E79CA9}.Debug|Any CPU.Build.0 = Debug|Any CPU
		{54D056F4-02EF-4EE8-9279-0F4590E79CA9}.Release|Any CPU.ActiveCfg = Release|Any CPU
		{54D056F4-02EF-4EE8-9279-0F4590E79CA9}.Release|Any CPU.Build.0 = Release|Any CPU
		{A1008AB0-D4EE-4D5E-AF0B-A410FDF166A3}.Debug|Any CPU.ActiveCfg = Debug|Any CPU
		{A1008AB0-D4EE-4D5E-AF0B-A410FDF166A3}.Debug|Any CPU.Build.0 = Debug|Any CPU
		{A1008AB0-D4EE-4D5E-AF0B-A410FDF166A3}.Release|Any CPU.ActiveCfg = Release|Any CPU
		{A1008AB0-D4EE-4D5E-AF0B-A410FDF166A3}.Release|Any CPU.Build.0 = Release|Any CPU
		{B0F8153E-378F-47B4-9E8B-6C83FA1ED041}.Debug|Any CPU.ActiveCfg = Debug|Any CPU
		{B0F8153E-378F-47B4-9E8B-6C83FA1ED041}.Debug|Any CPU.Build.0 = Debug|Any CPU
		{B0F8153E-378F-47B4-9E8B-6C83FA1ED041}.Release|Any CPU.ActiveCfg = Release|Any CPU
		{B0F8153E-378F-47B4-9E8B-6C83FA1ED041}.Release|Any CPU.Build.0 = Release|Any CPU
		{680DAD9E-3ECC-46E4-97E0-5D4509B85AD7}.Debug|Any CPU.ActiveCfg = Debug|Any CPU
		{680DAD9E-3ECC-46E4-97E0-5D4509B85AD7}.Debug|Any CPU.Build.0 = Debug|Any CPU
		{680DAD9E-3ECC-46E4-97E0-5D4509B85AD7}.Release|Any CPU.ActiveCfg = Release|Any CPU
		{680DAD9E-3ECC-46E4-97E0-5D4509B85AD7}.Release|Any CPU.Build.0 = Release|Any CPU
		{DBA4585C-C1F9-43DC-AE7E-DC8B36AD3AF2}.Debug|Any CPU.ActiveCfg = Debug|Any CPU
		{DBA4585C-C1F9-43DC-AE7E-DC8B36AD3AF2}.Debug|Any CPU.Build.0 = Debug|Any CPU
		{DBA4585C-C1F9-43DC-AE7E-DC8B36AD3AF2}.Release|Any CPU.ActiveCfg = Release|Any CPU
		{DBA4585C-C1F9-43DC-AE7E-DC8B36AD3AF2}.Release|Any CPU.Build.0 = Release|Any CPU
		{68B3EAB7-479A-4DBC-BFBF-57E336264EAE}.Debug|Any CPU.ActiveCfg = Debug|Any CPU
		{68B3EAB7-479A-4DBC-BFBF-57E336264EAE}.Debug|Any CPU.Build.0 = Debug|Any CPU
		{68B3EAB7-479A-4DBC-BFBF-57E336264EAE}.Release|Any CPU.ActiveCfg = Release|Any CPU
		{68B3EAB7-479A-4DBC-BFBF-57E336264EAE}.Release|Any CPU.Build.0 = Release|Any CPU
		{2C91E4F5-8957-4D4E-B3F2-AB58A002DA02}.Debug|Any CPU.ActiveCfg = Debug|Any CPU
		{2C91E4F5-8957-4D4E-B3F2-AB58A002DA02}.Debug|Any CPU.Build.0 = Debug|Any CPU
		{2C91E4F5-8957-4D4E-B3F2-AB58A002DA02}.Release|Any CPU.ActiveCfg = Release|Any CPU
		{2C91E4F5-8957-4D4E-B3F2-AB58A002DA02}.Release|Any CPU.Build.0 = Release|Any CPU
		{C5B593F1-AD63-4EE7-9BC4-969B2620E7EB}.Debug|Any CPU.ActiveCfg = Debug|Any CPU
		{C5B593F1-AD63-4EE7-9BC4-969B2620E7EB}.Debug|Any CPU.Build.0 = Debug|Any CPU
		{C5B593F1-AD63-4EE7-9BC4-969B2620E7EB}.Release|Any CPU.ActiveCfg = Release|Any CPU
		{C5B593F1-AD63-4EE7-9BC4-969B2620E7EB}.Release|Any CPU.Build.0 = Release|Any CPU
		{F6E355E9-E18D-4E45-97D6-60D49AF3BC4C}.Debug|Any CPU.ActiveCfg = Debug|Any CPU
		{F6E355E9-E18D-4E45-97D6-60D49AF3BC4C}.Debug|Any CPU.Build.0 = Debug|Any CPU
		{F6E355E9-E18D-4E45-97D6-60D49AF3BC4C}.Release|Any CPU.ActiveCfg = Release|Any CPU
		{F6E355E9-E18D-4E45-97D6-60D49AF3BC4C}.Release|Any CPU.Build.0 = Release|Any CPU
		{4C2AD9B5-DE99-4DA2-A2A3-D52154850E49}.Debug|Any CPU.ActiveCfg = Debug|Any CPU
		{4C2AD9B5-DE99-4DA2-A2A3-D52154850E49}.Debug|Any CPU.Build.0 = Debug|Any CPU
		{4C2AD9B5-DE99-4DA2-A2A3-D52154850E49}.Release|Any CPU.ActiveCfg = Release|Any CPU
		{4C2AD9B5-DE99-4DA2-A2A3-D52154850E49}.Release|Any CPU.Build.0 = Release|Any CPU
		{03D60BA7-2483-4538-87FD-266F7997E00E}.Debug|Any CPU.ActiveCfg = Debug|Any CPU
		{03D60BA7-2483-4538-87FD-266F7997E00E}.Debug|Any CPU.Build.0 = Debug|Any CPU
		{03D60BA7-2483-4538-87FD-266F7997E00E}.Release|Any CPU.ActiveCfg = Release|Any CPU
		{03D60BA7-2483-4538-87FD-266F7997E00E}.Release|Any CPU.Build.0 = Release|Any CPU
	EndGlobalSection
	GlobalSection(SolutionProperties) = preSolution
		HideSolutionNode = FALSE
	EndGlobalSection
	GlobalSection(NestedProjects) = preSolution
		{AF21763D-E881-4570-8815-A30FA81D1527} = {99B01A1A-7F2E-4B5E-B14C-46AC7676410A}
		{3E1630E6-49B0-4DF8-91E8-EA643A863C0C} = {99B01A1A-7F2E-4B5E-B14C-46AC7676410A}
		{A194721B-6499-4B2E-B170-F1251D740905} = {99B01A1A-7F2E-4B5E-B14C-46AC7676410A}
		{034C2EE6-45C9-4C04-848E-D17BB701DB29} = {626E96F8-4107-44DD-8F71-0CE1AA9750C3}
		{4A1EEBD2-CE47-42F0-B2F3-82FB398074B0} = {626E96F8-4107-44DD-8F71-0CE1AA9750C3}
		{0E101544-151D-4DBE-AF23-95B973570C89} = {626E96F8-4107-44DD-8F71-0CE1AA9750C3}
		{F78BAA1D-CDEE-46D1-940E-D3479A92CBEF} = {66D72B84-2652-4276-BEEB-C48AE8BD38B6}
		{54D056F4-02EF-4EE8-9279-0F4590E79CA9} = {66D72B84-2652-4276-BEEB-C48AE8BD38B6}
		{A1008AB0-D4EE-4D5E-AF0B-A410FDF166A3} = {66D72B84-2652-4276-BEEB-C48AE8BD38B6}
		{B0F8153E-378F-47B4-9E8B-6C83FA1ED041} = {37EDB0D4-8112-4571-9D6A-6B08DD13053F}
		{680DAD9E-3ECC-46E4-97E0-5D4509B85AD7} = {37EDB0D4-8112-4571-9D6A-6B08DD13053F}
		{DBA4585C-C1F9-43DC-AE7E-DC8B36AD3AF2} = {37EDB0D4-8112-4571-9D6A-6B08DD13053F}
		{68B3EAB7-479A-4DBC-BFBF-57E336264EAE} = {B0663D6A-1711-4BE4-BCE3-09B95BF05409}
		{2C91E4F5-8957-4D4E-B3F2-AB58A002DA02} = {B0663D6A-1711-4BE4-BCE3-09B95BF05409}
		{C5B593F1-AD63-4EE7-9BC4-969B2620E7EB} = {B0663D6A-1711-4BE4-BCE3-09B95BF05409}
		{F6E355E9-E18D-4E45-97D6-60D49AF3BC4C} = {11725935-99E5-4EFB-8241-D6B6E8585C15}
		{4C2AD9B5-DE99-4DA2-A2A3-D52154850E49} = {11725935-99E5-4EFB-8241-D6B6E8585C15}
		{03D60BA7-2483-4538-87FD-266F7997E00E} = {11725935-99E5-4EFB-8241-D6B6E8585C15}
	EndGlobalSection
	GlobalSection(ExtensibilityGlobals) = postSolution
		SolutionGuid = {DB7C5E4E-5C82-4003-8918-2FAF63C7A111}
	EndGlobalSection
EndGlobal
